
Microsoft Visual Studio Solution File, Format Version 12.00
# Visual Studio Version 17
VisualStudioVersion = 17.8.34525.116
MinimumVisualStudioVersion = 10.0.40219.1
Project("{FAE04EC0-301F-11D3-BF4B-00C04F79EFBC}") = "ASPintro-MVC", "ASPintro-MVC\ASPintro-MVC.csproj", "{84C4F29B-C351-401A-AD2B-32D1232980C1}"
EndProject
Global
	GlobalSection(SolutionConfigurationPlatforms) = preSolution
		Debug|Any CPU = Debug|Any CPU
		Release|Any CPU = Release|Any CPU
	EndGlobalSection
	GlobalSection(ProjectConfigurationPlatforms) = postSolution
		{84C4F29B-C351-401A-AD2B-32D1232980C1}.Debug|Any CPU.ActiveCfg = Debug|Any CPU
		{84C4F29B-C351-401A-AD2B-32D1232980C1}.Debug|Any CPU.Build.0 = Debug|Any CPU
		{84C4F29B-C351-401A-AD2B-32D1232980C1}.Release|Any CPU.ActiveCfg = Release|Any CPU
		{84C4F29B-C351-401A-AD2B-32D1232980C1}.Release|Any CPU.Build.0 = Release|Any CPU
	EndGlobalSection
	GlobalSection(SolutionProperties) = preSolution
		HideSolutionNode = FALSE
	EndGlobalSection
	GlobalSection(ExtensibilityGlobals) = postSolution
		SolutionGuid = {0F903324-7E8A-4F94-A3A7-2C80ED6CBC27}
	EndGlobalSection
EndGlobal
